
Microsoft Visual Studio Solution File, Format Version 12.00
# Visual Studio Version 17
VisualStudioVersion = 17.13.35919.96 d17.13
MinimumVisualStudioVersion = 10.0.40219.1
Project("{FAE04EC0-301F-11D3-BF4B-00C04F79EFBC}") = "ECommerce", "ECommerce.csproj", "{2B16406D-005B-431B-A714-EA0173EF008B}"
EndProject
Global
	GlobalSection(SolutionConfigurationPlatforms) = preSolution
		Debug|Any CPU = Debug|Any CPU
		Release|Any CPU = Release|Any CPU
	EndGlobalSection
	GlobalSection(ProjectConfigurationPlatforms) = postSolution
		{2B16406D-005B-431B-A714-EA0173EF008B}.Debug|Any CPU.ActiveCfg = Debug|Any CPU
		{2B16406D-005B-431B-A714-EA0173EF008B}.Debug|Any CPU.Build.0 = Debug|Any CPU
		{2B16406D-005B-431B-A714-EA0173EF008B}.Release|Any CPU.ActiveCfg = Release|Any CPU
		{2B16406D-005B-431B-A714-EA0173EF008B}.Release|Any CPU.Build.0 = Release|Any CPU
	EndGlobalSection
	GlobalSection(SolutionProperties) = preSolution
		HideSolutionNode = FALSE
	EndGlobalSection
	GlobalSection(ExtensibilityGlobals) = postSolution
		SolutionGuid = {F38C477A-26D2-44F7-8C1B-45CD13BAD8FE}
	EndGlobalSection
EndGlobal
